{
  "nodes": {
    "home-manager": {
      "inputs": {
        "nixpkgs": [
          "nixpkgs"
        ]
      },
      "locked": {
        "lastModified": 1736373539,
        "narHash": "sha256-dinzAqCjenWDxuy+MqUQq0I4zUSfaCvN9rzuCmgMZJY=",
        "type": "tarball",
        "url": "https://github.com/nix-community/home-manager/archive/release-24.11.tar.gz"
      },
      "original": {
        "type": "tarball",
        "url": "https://github.com/nix-community/home-manager/archive/release-24.11.tar.gz"
      }
    },
    "nixpkgs": {
      "locked": {
        "lastModified": 1736684107,
        "narHash": "sha256-vH5mXxEvZeoGNkqKoCluhTGfoeXCZ1seYhC2pbMN0sg=",
        "owner": "nixos",
        "repo": "nixpkgs",
        "rev": "635e887b48521e912a516625eee7df6cf0eba9c1",
        "type": "github"
      },
      "original": {
        "owner": "nixos",
        "ref": "nixos-24.11",
        "repo": "nixpkgs",
        "type": "github"
      }
    },
    "root": {
      "inputs": {
        "home-manager": "home-manager",
        "nixpkgs": "nixpkgs",
        "unstable": "unstable"
      }
    },
    "unstable": {
      "locked": {
        "lastModified": 1736701207,
        "narHash": "sha256-jG/+MvjVY7SlTakzZ2fJ5dC3V1PrKKrUEOEE30jrOKA=",
        "owner": "NixOS",
        "repo": "nixpkgs",
        "rev": "ed4a395ea001367c1f13d34b1e01aa10290f67d6",
        "type": "github"
      },
      "original": {
        "owner": "NixOS",
        "ref": "nixos-unstable",
        "repo": "nixpkgs",
        "type": "github"
      }
    }
  },
  "root": "root",
  "version": 7
}
