{
  "nodes": {
    "home-manager": {
      "inputs": {
        "nixpkgs": [
          "nixpkgs"
        ]
      },
      "locked": {
        "lastModified": 1720042825,
        "narHash": "sha256-A0vrUB6x82/jvf17qPCpxaM+ulJnD8YZwH9Ci0BsAzE=",
        "type": "tarball",
        "url": "https://github.com/nix-community/home-manager/archive/release-24.05.tar.gz"
      },
      "original": {
        "type": "tarball",
        "url": "https://github.com/nix-community/home-manager/archive/release-24.05.tar.gz"
      }
    },
    "local-mutter": {
      "inputs": {
        "nixpkgs": [
          "nixpkgs"
        ]
      },
      "locked": {
        "lastModified": 1722320884,
        "narHash": "sha256-qWW/Xud2Uh1zD81u8O6agJ2KBXspAJZUfFNxKnovCqA=",
        "path": "/home/brain/src/mutter",
        "type": "path"
      },
      "original": {
        "path": "/home/brain/src/mutter",
        "type": "path"
      }
    },
    "nixpkgs": {
      "locked": {
        "lastModified": 1724242322,
        "narHash": "sha256-HMpK7hNjhEk4z5SFg5UtxEio9OWFocHdaQzCfW1pE7w=",
        "owner": "nixos",
        "repo": "nixpkgs",
        "rev": "224042e9a3039291f22f4f2ded12af95a616cca0",
        "type": "github"
      },
      "original": {
        "owner": "nixos",
        "ref": "nixos-24.05",
        "repo": "nixpkgs",
        "type": "github"
      }
    },
    "root": {
      "inputs": {
        "home-manager": "home-manager",
        "local-mutter": "local-mutter",
        "nixpkgs": "nixpkgs",
        "unstable": "unstable"
      }
    },
    "unstable": {
      "locked": {
        "lastModified": 1724224976,
        "narHash": "sha256-Z/ELQhrSd7bMzTO8r7NZgi9g5emh+aRKoCdaAv5fiO0=",
        "owner": "NixOS",
        "repo": "nixpkgs",
        "rev": "c374d94f1536013ca8e92341b540eba4c22f9c62",
        "type": "github"
      },
      "original": {
        "owner": "NixOS",
        "ref": "nixos-unstable",
        "repo": "nixpkgs",
        "type": "github"
      }
    }
  },
  "root": "root",
  "version": 7
}
